
Microsoft Visual Studio Solution File, Format Version 12.00
# Visual Studio 15
VisualStudioVersion = 15.0.28307.1169
MinimumVisualStudioVersion = 10.0.40219.1
Project("{FAE04EC0-301F-11D3-BF4B-00C04F79EFBC}") = "PicoYPlaca", "PicoYPlaca\PicoYPlaca.csproj", "{0DA004F1-B0DC-4F54-8F31-5577F3D51F5F}"
EndProject
Project("{FAE04EC0-301F-11D3-BF4B-00C04F79EFBC}") = "TestPicoYPlaca.UnitTests", "TestPicoYPlaca.UnitTests\TestPicoYPlaca.UnitTests.csproj", "{265B71EF-C34B-48FF-9838-758DE1FC17A8}"
EndProject
Global
	GlobalSection(SolutionConfigurationPlatforms) = preSolution
		Debug|Any CPU = Debug|Any CPU
		Release|Any CPU = Release|Any CPU
	EndGlobalSection
	GlobalSection(ProjectConfigurationPlatforms) = postSolution
		{0DA004F1-B0DC-4F54-8F31-5577F3D51F5F}.Debug|Any CPU.ActiveCfg = Debug|Any CPU
		{0DA004F1-B0DC-4F54-8F31-5577F3D51F5F}.Debug|Any CPU.Build.0 = Debug|Any CPU
		{0DA004F1-B0DC-4F54-8F31-5577F3D51F5F}.Release|Any CPU.ActiveCfg = Release|Any CPU
		{0DA004F1-B0DC-4F54-8F31-5577F3D51F5F}.Release|Any CPU.Build.0 = Release|Any CPU
		{265B71EF-C34B-48FF-9838-758DE1FC17A8}.Debug|Any CPU.ActiveCfg = Debug|Any CPU
		{265B71EF-C34B-48FF-9838-758DE1FC17A8}.Debug|Any CPU.Build.0 = Debug|Any CPU
		{265B71EF-C34B-48FF-9838-758DE1FC17A8}.Release|Any CPU.ActiveCfg = Release|Any CPU
		{265B71EF-C34B-48FF-9838-758DE1FC17A8}.Release|Any CPU.Build.0 = Release|Any CPU
	EndGlobalSection
	GlobalSection(SolutionProperties) = preSolution
		HideSolutionNode = FALSE
	EndGlobalSection
	GlobalSection(ExtensibilityGlobals) = postSolution
		SolutionGuid = {2F29DF36-1FDE-4E64-B36B-AD9BA283843F}
	EndGlobalSection
EndGlobal
